
Microsoft Visual Studio Solution File, Format Version 12.00
# Visual Studio Version 16
VisualStudioVersion = 16.0.29306.81
MinimumVisualStudioVersion = 10.0.40219.1
Project("{9A19103F-16F7-4668-BE54-9A1E7A4F7556}") = "Penguin.Cms.Web.Rendering", "Penguin.Cms.Web.Rendering.csproj", "{EF7BC73F-88C7-483B-AC48-636D63829F6F}"
EndProject
Global
	GlobalSection(SolutionConfigurationPlatforms) = preSolution
		Debug|Any CPU = Debug|Any CPU
		Release|Any CPU = Release|Any CPU
	EndGlobalSection
	GlobalSection(ProjectConfigurationPlatforms) = postSolution
		{EF7BC73F-88C7-483B-AC48-636D63829F6F}.Debug|Any CPU.ActiveCfg = Debug|Any CPU
		{EF7BC73F-88C7-483B-AC48-636D63829F6F}.Debug|Any CPU.Build.0 = Debug|Any CPU
		{EF7BC73F-88C7-483B-AC48-636D63829F6F}.Release|Any CPU.ActiveCfg = Release|Any CPU
		{EF7BC73F-88C7-483B-AC48-636D63829F6F}.Release|Any CPU.Build.0 = Release|Any CPU
	EndGlobalSection
	GlobalSection(SolutionProperties) = preSolution
		HideSolutionNode = FALSE
	EndGlobalSection
	GlobalSection(ExtensibilityGlobals) = postSolution
		SolutionGuid = {E91C832D-DDFF-4F47-B16F-C70277C0816D}
	EndGlobalSection
EndGlobal
